// !$*UTF8*$!
{
	archiveVersion = 1;
	classes = {
	};
	objectVersion = 46;
	objects = {

/* Begin PBXBuildFile section */
		0FFA0E6CFF43B22CC2E1183D /* libPods-RealmDemoTests.a in Frameworks */ = {isa = PBXBuildFile; fileRef = 63278139CEBDD94DE12875EC /* libPods-RealmDemoTests.a */; };
		366D2B1A8A1C27BEF9C53DF7 /* libPods-RealmDemoUITests.a in Frameworks */ = {isa = PBXBuildFile; fileRef = FBDE8EE95F56B10576E63478 /* libPods-RealmDemoUITests.a */; };
		6ED9E898A04FD83D63E6C7F3 /* libPods-RealmDemo.a in Frameworks */ = {isa = PBXBuildFile; fileRef = 7EDFBE035B7C37C6431230C6 /* libPods-RealmDemo.a */; };
		F132B4C41F204E4D00C66452 /* main.m in Sources */ = {isa = PBXBuildFile; fileRef = F132B4C31F204E4D00C66452 /* main.m */; };
		F132B4C71F204E4D00C66452 /* AppDelegate.m in Sources */ = {isa = PBXBuildFile; fileRef = F132B4C61F204E4D00C66452 /* AppDelegate.m */; };
		F132B4CA1F204E4D00C66452 /* ViewController.m in Sources */ = {isa = PBXBuildFile; fileRef = F132B4C91F204E4D00C66452 /* ViewController.m */; };
		F132B4CD1F204E4D00C66452 /* Main.storyboard in Resources */ = {isa = PBXBuildFile; fileRef = F132B4CB1F204E4D00C66452 /* Main.storyboard */; };
		F132B4CF1F204E4D00C66452 /* Assets.xcassets in Resources */ = {isa = PBXBuildFile; fileRef = F132B4CE1F204E4D00C66452 /* Assets.xcassets */; };
		F132B4D21F204E4D00C66452 /* LaunchScreen.storyboard in Resources */ = {isa = PBXBuildFile; fileRef = F132B4D01F204E4D00C66452 /* LaunchScreen.storyboard */; };
		F132B4DD1F204E4D00C66452 /* RealmDemoTests.m in Sources */ = {isa = PBXBuildFile; fileRef = F132B4DC1F204E4D00C66452 /* RealmDemoTests.m */; };
		F132B4E81F204E4D00C66452 /* RealmDemoUITests.m in Sources */ = {isa = PBXBuildFile; fileRef = F132B4E71F204E4D00C66452 /* RealmDemoUITests.m */; };
		F132B4F71F20513C00C66452 /* PersonModel.m in Sources */ = {isa = PBXBuildFile; fileRef = F132B4F61F20513C00C66452 /* PersonModel.m */; };
/* End PBXBuildFile section */

/* Begin PBXContainerItemProxy section */
		F132B4D91F204E4D00C66452 /* PBXContainerItemProxy */ = {
			isa = PBXContainerItemProxy;
			containerPortal = F132B4B71F204E4D00C66452 /* Project object */;
			proxyType = 1;
			remoteGlobalIDString = F132B4BE1F204E4D00C66452;
			remoteInfo = RealmDemo;
		};
		F132B4E41F204E4D00C66452 /* PBXContainerItemProxy */ = {
			isa = PBXContainerItemProxy;
			containerPortal = F132B4B71F204E4D00C66452 /* Project object */;
			proxyType = 1;
			remoteGlobalIDString = F132B4BE1F204E4D00C66452;
			remoteInfo = RealmDemo;
		};
/* End PBXContainerItemProxy section */

/* Begin PBXFileReference section */
		003442F29589126EED05C172 /* Pods-RealmDemoTests.debug.xcconfig */ = {isa = PBXFileReference; includeInIndex = 1; lastKnownFileType = text.xcconfig; name = "Pods-RealmDemoTests.debug.xcconfig"; path = "Pods/Target Support Files/Pods-RealmDemoTests/Pods-RealmDemoTests.debug.xcconfig"; sourceTree = "<group>"; };
		0B0EC303B8316B59753053DC /* Pods-RealmDemo.debug.xcconfig */ = {isa = PBXFileReference; includeInIndex = 1; lastKnownFileType = text.xcconfig; name = "Pods-RealmDemo.debug.xcconfig"; path = "Pods/Target Support Files/Pods-RealmDemo/Pods-RealmDemo.debug.xcconfig"; sourceTree = "<group>"; };
		50C0C825A0D2B52AFBF0571D /* Pods-RealmDemo.release.xcconfig */ = {isa = PBXFileReference; includeInIndex = 1; lastKnownFileType = text.xcconfig; name = "Pods-RealmDemo.release.xcconfig"; path = "Pods/Target Support Files/Pods-RealmDemo/Pods-RealmDemo.release.xcconfig"; sourceTree = "<group>"; };
		54B6A6AC770A6134D91171D8 /* Pods-RealmDemoTests.release.xcconfig */ = {isa = PBXFileReference; includeInIndex = 1; lastKnownFileType = text.xcconfig; name = "Pods-RealmDemoTests.release.xcconfig"; path = "Pods/Target Support Files/Pods-RealmDemoTests/Pods-RealmDemoTests.release.xcconfig"; sourceTree = "<group>"; };
		57CAFD2B14B98435B7D4D0E7 /* Pods-RealmDemoUITests.release.xcconfig */ = {isa = PBXFileReference; includeInIndex = 1; lastKnownFileType = text.xcconfig; name = "Pods-RealmDemoUITests.release.xcconfig"; path = "Pods/Target Support Files/Pods-RealmDemoUITests/Pods-RealmDemoUITests.release.xcconfig"; sourceTree = "<group>"; };
		63278139CEBDD94DE12875EC /* libPods-RealmDemoTests.a */ = {isa = PBXFileReference; explicitFileType = archive.ar; includeInIndex = 0; path = "libPods-RealmDemoTests.a"; sourceTree = BUILT_PRODUCTS_DIR; };
		7EDFBE035B7C37C6431230C6 /* libPods-RealmDemo.a */ = {isa = PBXFileReference; explicitFileType = archive.ar; includeInIndex = 0; path = "libPods-RealmDemo.a"; sourceTree = BUILT_PRODUCTS_DIR; };
		C7D2326F8CE647132EA7CD1E /* Pods-RealmDemoUITests.debug.xcconfig */ = {isa = PBXFileReference; includeInIndex = 1; lastKnownFileType = text.xcconfig; name = "Pods-RealmDemoUITests.debug.xcconfig"; path = "Pods/Target Support Files/Pods-RealmDemoUITests/Pods-RealmDemoUITests.debug.xcconfig"; sourceTree = "<group>"; };
		F132B4BF1F204E4D00C66452 /* RealmDemo.app */ = {isa = PBXFileReference; explicitFileType = wrapper.application; includeInIndex = 0; path = RealmDemo.app; sourceTree = BUILT_PRODUCTS_DIR; };
		F132B4C31F204E4D00C66452 /* main.m */ = {isa = PBXFileReference; lastKnownFileType = sourcecode.c.objc; path = main.m; sourceTree = "<group>"; };
		F132B4C51F204E4D00C66452 /* AppDelegate.h */ = {isa = PBXFileReference; lastKnownFileType = sourcecode.c.h; path = AppDelegate.h; sourceTree = "<group>"; };
		F132B4C61F204E4D00C66452 /* AppDelegate.m */ = {isa = PBXFileReference; lastKnownFileType = sourcecode.c.objc; path = AppDelegate.m; sourceTree = "<group>"; };
		F132B4C81F204E4D00C66452 /* ViewController.h */ = {isa = PBXFileReference; lastKnownFileType = sourcecode.c.h; path = ViewController.h; sourceTree = "<group>"; };
		F132B4C91F204E4D00C66452 /* ViewController.m */ = {isa = PBXFileReference; lastKnownFileType = sourcecode.c.objc; path = ViewController.m; sourceTree = "<group>"; };
		F132B4CC1F204E4D00C66452 /* Base */ = {isa = PBXFileReference; lastKnownFileType = file.storyboard; name = Base; path = Base.lproj/Main.storyboard; sourceTree = "<group>"; };
		F132B4CE1F204E4D00C66452 /* Assets.xcassets */ = {isa = PBXFileReference; lastKnownFileType = folder.assetcatalog; path = Assets.xcassets; sourceTree = "<group>"; };
		F132B4D11F204E4D00C66452 /* Base */ = {isa = PBXFileReference; lastKnownFileType = file.storyboard; name = Base; path = Base.lproj/LaunchScreen.storyboard; sourceTree = "<group>"; };
		F132B4D31F204E4D00C66452 /* Info.plist */ = {isa = PBXFileReference; lastKnownFileType = text.plist.xml; path = Info.plist; sourceTree = "<group>"; };
		F132B4D81F204E4D00C66452 /* RealmDemoTests.xctest */ = {isa = PBXFileReference; explicitFileType = wrapper.cfbundle; includeInIndex = 0; path = RealmDemoTests.xctest; sourceTree = BUILT_PRODUCTS_DIR; };
		F132B4DC1F204E4D00C66452 /* RealmDemoTests.m */ = {isa = PBXFileReference; lastKnownFileType = sourcecode.c.objc; path = RealmDemoTests.m; sourceTree = "<group>"; };
		F132B4DE1F204E4D00C66452 /* Info.plist */ = {isa = PBXFileReference; lastKnownFileType = text.plist.xml; path = Info.plist; sourceTree = "<group>"; };
		F132B4E31F204E4D00C66452 /* RealmDemoUITests.xctest */ = {isa = PBXFileReference; explicitFileType = wrapper.cfbundle; includeInIndex = 0; path = RealmDemoUITests.xctest; sourceTree = BUILT_PRODUCTS_DIR; };
		F132B4E71F204E4D00C66452 /* RealmDemoUITests.m */ = {isa = PBXFileReference; lastKnownFileType = sourcecode.c.objc; path = RealmDemoUITests.m; sourceTree = "<group>"; };
		F132B4E91F204E4D00C66452 /* Info.plist */ = {isa = PBXFileReference; lastKnownFileType = text.plist.xml; path = Info.plist; sourceTree = "<group>"; };
		F132B4F51F20513C00C66452 /* PersonModel.h */ = {isa = PBXFileReference; fileEncoding = 4; lastKnownFileType = sourcecode.c.h; path = PersonModel.h; sourceTree = "<group>"; };
		F132B4F61F20513C00C66452 /* PersonModel.m */ = {isa = PBXFileReference; fileEncoding = 4; lastKnownFileType = sourcecode.c.objc; path = PersonModel.m; sourceTree = "<group>"; };
		FBDE8EE95F56B10576E63478 /* libPods-RealmDemoUITests.a */ = {isa = PBXFileReference; explicitFileType = archive.ar; includeInIndex = 0; path = "libPods-RealmDemoUITests.a"; sourceTree = BUILT_PRODUCTS_DIR; };
/* End PBXFileReference section */

/* Begin PBXFrameworksBuildPhase section */
		F132B4BC1F204E4D00C66452 /* Frameworks */ = {
			isa = PBXFrameworksBuildPhase;
			buildActionMask = 2147483647;
			files = (
				6ED9E898A04FD83D63E6C7F3 /* libPods-RealmDemo.a in Frameworks */,
			);
			runOnlyForDeploymentPostprocessing = 0;
		};
		F132B4D51F204E4D00C66452 /* Frameworks */ = {
			isa = PBXFrameworksBuildPhase;
			buildActionMask = 2147483647;
			files = (
				0FFA0E6CFF43B22CC2E1183D /* libPods-RealmDemoTests.a in Frameworks */,
			);
			runOnlyForDeploymentPostprocessing = 0;
		};
		F132B4E01F204E4D00C66452 /* Frameworks */ = {
			isa = PBXFrameworksBuildPhase;
			buildActionMask = 2147483647;
			files = (
				366D2B1A8A1C27BEF9C53DF7 /* libPods-RealmDemoUITests.a in Frameworks */,
			);
			runOnlyForDeploymentPostprocessing = 0;
		};
/* End PBXFrameworksBuildPhase section */

/* Begin PBXGroup section */
		53D7E5B882E0759D2EF9F570 /* Frameworks */ = {
			isa = PBXGroup;
			children = (
				7EDFBE035B7C37C6431230C6 /* libPods-RealmDemo.a */,
				63278139CEBDD94DE12875EC /* libPods-RealmDemoTests.a */,
				FBDE8EE95F56B10576E63478 /* libPods-RealmDemoUITests.a */,
			);
			name = Frameworks;
			sourceTree = "<group>";
		};
		CD445DF2D0978EF0E3DA9CD2 /* Pods */ = {
			isa = PBXGroup;
			children = (
				0B0EC303B8316B59753053DC /* Pods-RealmDemo.debug.xcconfig */,
				50C0C825A0D2B52AFBF0571D /* Pods-RealmDemo.release.xcconfig */,
				003442F29589126EED05C172 /* Pods-RealmDemoTests.debug.xcconfig */,
				54B6A6AC770A6134D91171D8 /* Pods-RealmDemoTests.release.xcconfig */,
				C7D2326F8CE647132EA7CD1E /* Pods-RealmDemoUITests.debug.xcconfig */,
				57CAFD2B14B98435B7D4D0E7 /* Pods-RealmDemoUITests.release.xcconfig */,
			);
			name = Pods;
			sourceTree = "<group>";
		};
		F132B4B61F204E4D00C66452 = {
			isa = PBXGroup;
			children = (
				F132B4C11F204E4D00C66452 /* RealmDemo */,
				F132B4DB1F204E4D00C66452 /* RealmDemoTests */,
				F132B4E61F204E4D00C66452 /* RealmDemoUITests */,
				F132B4C01F204E4D00C66452 /* Products */,
				CD445DF2D0978EF0E3DA9CD2 /* Pods */,
				53D7E5B882E0759D2EF9F570 /* Frameworks */,
			);
			sourceTree = "<group>";
		};
		F132B4C01F204E4D00C66452 /* Products */ = {
			isa = PBXGroup;
			children = (
				F132B4BF1F204E4D00C66452 /* RealmDemo.app */,
				F132B4D81F204E4D00C66452 /* RealmDemoTests.xctest */,
				F132B4E31F204E4D00C66452 /* RealmDemoUITests.xctest */,
			);
			name = Products;
			sourceTree = "<group>";
		};
		F132B4C11F204E4D00C66452 /* RealmDemo */ = {
			isa = PBXGroup;
			children = (
				F132B4C51F204E4D00C66452 /* AppDelegate.h */,
				F132B4C61F204E4D00C66452 /* AppDelegate.m */,
				F132B4C81F204E4D00C66452 /* ViewController.h */,
				F132B4C91F204E4D00C66452 /* ViewController.m */,
				F132B4F51F20513C00C66452 /* PersonModel.h */,
				F132B4F61F20513C00C66452 /* PersonModel.m */,
				F132B4CB1F204E4D00C66452 /* Main.storyboard */,
				F132B4CE1F204E4D00C66452 /* Assets.xcassets */,
				F132B4D01F204E4D00C66452 /* LaunchScreen.storyboard */,
				F132B4D31F204E4D00C66452 /* Info.plist */,
				F132B4C21F204E4D00C66452 /* Supporting Files */,
			);
			path = RealmDemo;
			sourceTree = "<group>";
		};
		F132B4C21F204E4D00C66452 /* Supporting Files */ = {
			isa = PBXGroup;
			children = (
				F132B4C31F204E4D00C66452 /* main.m */,
			);
			name = "Supporting Files";
			sourceTree = "<group>";
		};
		F132B4DB1F204E4D00C66452 /* RealmDemoTests */ = {
			isa = PBXGroup;
			children = (
				F132B4DC1F204E4D00C66452 /* RealmDemoTests.m */,
				F132B4DE1F204E4D00C66452 /* Info.plist */,
			);
			path = RealmDemoTests;
			sourceTree = "<group>";
		};
		F132B4E61F204E4D00C66452 /* RealmDemoUITests */ = {
			isa = PBXGroup;
			children = (
				F132B4E71F204E4D00C66452 /* RealmDemoUITests.m */,
				F132B4E91F204E4D00C66452 /* Info.plist */,
			);
			path = RealmDemoUITests;
			sourceTree = "<group>";
		};
/* End PBXGroup section */

/* Begin PBXNativeTarget section */
		F132B4BE1F204E4D00C66452 /* RealmDemo */ = {
			isa = PBXNativeTarget;
			buildConfigurationList = F132B4EC1F204E4D00C66452 /* Build configuration list for PBXNativeTarget "RealmDemo" */;
			buildPhases = (
				5C255B5960B1D50CFF589A5E /* [CP] Check Pods Manifest.lock */,
				F132B4BB1F204E4D00C66452 /* Sources */,
				F132B4BC1F204E4D00C66452 /* Frameworks */,
				F132B4BD1F204E4D00C66452 /* Resources */,
				851AB68474DE6073416476F5 /* [CP] Embed Pods Frameworks */,
				E7C407506F8D0C9CF1503447 /* [CP] Copy Pods Resources */,
			);
			buildRules = (
			);
			dependencies = (
			);
			name = RealmDemo;
			productName = RealmDemo;
			productReference = F132B4BF1F204E4D00C66452 /* RealmDemo.app */;
			productType = "com.apple.product-type.application";
		};
		F132B4D71F204E4D00C66452 /* RealmDemoTests */ = {
			isa = PBXNativeTarget;
			buildConfigurationList = F132B4EF1F204E4D00C66452 /* Build configuration list for PBXNativeTarget "RealmDemoTests" */;
			buildPhases = (
				46C13916DDAC27CB7DE72E98 /* [CP] Check Pods Manifest.lock */,
				F132B4D41F204E4D00C66452 /* Sources */,
				F132B4D51F204E4D00C66452 /* Frameworks */,
				F132B4D61F204E4D00C66452 /* Resources */,
				1571A8A23452EB3876F11199 /* [CP] Embed Pods Frameworks */,
				DB14ACEF26FD6E32D0AF777B /* [CP] Copy Pods Resources */,
			);
			buildRules = (
			);
			dependencies = (
				F132B4DA1F204E4D00C66452 /* PBXTargetDependency */,
			);
			name = RealmDemoTests;
			productName = RealmDemoTests;
			productReference = F132B4D81F204E4D00C66452 /* RealmDemoTests.xctest */;
			productType = "com.apple.product-type.bundle.unit-test";
		};
		F132B4E21F204E4D00C66452 /* RealmDemoUITests */ = {
			isa = PBXNativeTarget;
			buildConfigurationList = F132B4F21F204E4D00C66452 /* Build configuration list for PBXNativeTarget "RealmDemoUITests" */;
			buildPhases = (
				1D0B7BA7823E5F05FBD77C89 /* [CP] Check Pods Manifest.lock */,
				F132B4DF1F204E4D00C66452 /* Sources */,
				F132B4E01F204E4D00C66452 /* Frameworks */,
				F132B4E11F204E4D00C66452 /* Resources */,
				A4D64C34FAE50CE03CAC2717 /* [CP] Embed Pods Frameworks */,
				A583A758209D70DAC63BEC47 /* [CP] Copy Pods Resources */,
			);
			buildRules = (
			);
			dependencies = (
				F132B4E51F204E4D00C66452 /* PBXTargetDependency */,
			);
			name = RealmDemoUITests;
			productName = RealmDemoUITests;
			productReference = F132B4E31F204E4D00C66452 /* RealmDemoUITests.xctest */;
			productType = "com.apple.product-type.bundle.ui-testing";
		};
/* End PBXNativeTarget section */

/* Begin PBXProject section */
		F132B4B71F204E4D00C66452 /* Project object */ = {
			isa = PBXProject;
			attributes = {
				LastUpgradeCheck = 0830;
				ORGANIZATIONNAME = "思 彭";
				TargetAttributes = {
					F132B4BE1F204E4D00C66452 = {
						CreatedOnToolsVersion = 8.3.2;
						DevelopmentTeam = RN6253B2FZ;
						ProvisioningStyle = Automatic;
					};
					F132B4D71F204E4D00C66452 = {
						CreatedOnToolsVersion = 8.3.2;
						DevelopmentTeam = RN6253B2FZ;
						ProvisioningStyle = Automatic;
						TestTargetID = F132B4BE1F204E4D00C66452;
					};
					F132B4E21F204E4D00C66452 = {
						CreatedOnToolsVersion = 8.3.2;
						DevelopmentTeam = RN6253B2FZ;
						ProvisioningStyle = Automatic;
						TestTargetID = F132B4BE1F204E4D00C66452;
					};
				};
			};
			buildConfigurationList = F132B4BA1F204E4D00C66452 /* Build configuration list for PBXProject "RealmDemo" */;
			compatibilityVersion = "Xcode 3.2";
			developmentRegion = English;
			hasScannedForEncodings = 0;
			knownRegions = (
				en,
				Base,
			);
			mainGroup = F132B4B61F204E4D00C66452;
			productRefGroup = F132B4C01F204E4D00C66452 /* Products */;
			projectDirPath = "";
			projectRoot = "";
			targets = (
				F132B4BE1F204E4D00C66452 /* RealmDemo */,
				F132B4D71F204E4D00C66452 /* RealmDemoTests */,
				F132B4E21F204E4D00C66452 /* RealmDemoUITests */,
			);
		};
/* End PBXProject section */

/* Begin PBXResourcesBuildPhase section */
		F132B4BD1F204E4D00C66452 /* Resources */ = {
			isa = PBXResourcesBuildPhase;
			buildActionMask = 2147483647;
			files = (
				F132B4D21F204E4D00C66452 /* LaunchScreen.storyboard in Resources */,
				F132B4CF1F204E4D00C66452 /* Assets.xcassets in Resources */,
				F132B4CD1F204E4D00C66452 /* Main.storyboard in Resources */,
			);
			runOnlyForDeploymentPostprocessing = 0;
		};
		F132B4D61F204E4D00C66452 /* Resources */ = {
			isa = PBXResourcesBuildPhase;
			buildActionMask = 2147483647;
			files = (
			);
			runOnlyForDeploymentPostprocessing = 0;
		};
		F132B4E11F204E4D00C66452 /* Resources */ = {
			isa = PBXResourcesBuildPhase;
			buildActionMask = 2147483647;
			files = (
			);
			runOnlyForDeploymentPostprocessing = 0;
		};
/* End PBXResourcesBuildPhase section */

/* Begin PBXShellScriptBuildPhase section */
		1571A8A23452EB3876F11199 /* [CP] Embed Pods Frameworks */ = {
			isa = PBXShellScriptBuildPhase;
			buildActionMask = 2147483647;
			files = (
			);
			inputPaths = (
			);
			name = "[CP] Embed Pods Frameworks";
			outputPaths = (
			);
			runOnlyForDeploymentPostprocessing = 0;
			shellPath = /bin/sh;
			shellScript = "\"${SRCROOT}/Pods/Target Support Files/Pods-RealmDemoTests/Pods-RealmDemoTests-frameworks.sh\"\n";
			showEnvVarsInLog = 0;
		};
		1D0B7BA7823E5F05FBD77C89 /* [CP] Check Pods Manifest.lock */ = {
			isa = PBXShellScriptBuildPhase;
			buildActionMask = 2147483647;
			files = (
			);
			inputPaths = (
			);
			name = "[CP] Check Pods Manifest.lock";
			outputPaths = (
			);
			runOnlyForDeploymentPostprocessing = 0;
			shellPath = /bin/sh;
			shellScript = "diff \"${PODS_PODFILE_DIR_PATH}/Podfile.lock\" \"${PODS_ROOT}/Manifest.lock\" > /dev/null\nif [ $? != 0 ] ; then\n    # print error to STDERR\n    echo \"error: The sandbox is not in sync with the Podfile.lock. Run 'pod install' or update your CocoaPods installation.\" >&2\n    exit 1\nfi\n";
			showEnvVarsInLog = 0;
		};
		46C13916DDAC27CB7DE72E98 /* [CP] Check Pods Manifest.lock */ = {
			isa = PBXShellScriptBuildPhase;
			buildActionMask = 2147483647;
			files = (
			);
			inputPaths = (
			);
			name = "[CP] Check Pods Manifest.lock";
			outputPaths = (
			);
			runOnlyForDeploymentPostprocessing = 0;
			shellPath = /bin/sh;
			shellScript = "diff \"${PODS_PODFILE_DIR_PATH}/Podfile.lock\" \"${PODS_ROOT}/Manifest.lock\" > /dev/null\nif [ $? != 0 ] ; then\n    # print error to STDERR\n    echo \"error: The sandbox is not in sync with the Podfile.lock. Run 'pod install' or update your CocoaPods installation.\" >&2\n    exit 1\nfi\n";
			showEnvVarsInLog = 0;
		};
		5C255B5960B1D50CFF589A5E /* [CP] Check Pods Manifest.lock */ = {
			isa = PBXShellScriptBuildPhase;
			buildActionMask = 2147483647;
			files = (
			);
			inputPaths = (
			);
			name = "[CP] Check Pods Manifest.lock";
			outputPaths = (
			);
			runOnlyForDeploymentPostprocessing = 0;
			shellPath = /bin/sh;
			shellScript = "diff \"${PODS_PODFILE_DIR_PATH}/Podfile.lock\" \"${PODS_ROOT}/Manifest.lock\" > /dev/null\nif [ $? != 0 ] ; then\n    # print error to STDERR\n    echo \"error: The sandbox is not in sync with the Podfile.lock. Run 'pod install' or update your CocoaPods installation.\" >&2\n    exit 1\nfi\n";
			showEnvVarsInLog = 0;
		};
		851AB68474DE6073416476F5 /* [CP] Embed Pods Frameworks */ = {
			isa = PBXShellScriptBuildPhase;
			buildActionMask = 2147483647;
			files = (
			);
			inputPaths = (
			);
			name = "[CP] Embed Pods Frameworks";
			outputPaths = (
			);
			runOnlyForDeploymentPostprocessing = 0;
			shellPath = /bin/sh;
			shellScript = "\"${SRCROOT}/Pods/Target Support Files/Pods-RealmDemo/Pods-RealmDemo-frameworks.sh\"\n";
			showEnvVarsInLog = 0;
		};
		A4D64C34FAE50CE03CAC2717 /* [CP] Embed Pods Frameworks */ = {
			isa = PBXShellScriptBuildPhase;
			buildActionMask = 2147483647;
			files = (
			);
			inputPaths = (
			);
			name = "[CP] Embed Pods Frameworks";
			outputPaths = (
			);
			runOnlyForDeploymentPostprocessing = 0;
			shellPath = /bin/sh;
			shellScript = "\"${SRCROOT}/Pods/Target Support Files/Pods-RealmDemoUITests/Pods-RealmDemoUITests-frameworks.sh\"\n";
			showEnvVarsInLog = 0;
		};
		A583A758209D70DAC63BEC47 /* [CP] Copy Pods Resources */ = {
			isa = PBXShellScriptBuildPhase;
			buildActionMask = 2147483647;
			files = (
			);
			inputPaths = (
			);
			name = "[CP] Copy Pods Resources";
			outputPaths = (
			);
			runOnlyForDeploymentPostprocessing = 0;
			shellPath = /bin/sh;
			shellScript = "\"${SRCROOT}/Pods/Target Support Files/Pods-RealmDemoUITests/Pods-RealmDemoUITests-resources.sh\"\n";
			showEnvVarsInLog = 0;
		};
		DB14ACEF26FD6E32D0AF777B /* [CP] Copy Pods Resources */ = {
			isa = PBXShellScriptBuildPhase;
			buildActionMask = 2147483647;
			files = (
			);
			inputPaths = (
			);
			name = "[CP] Copy Pods Resources";
			outputPaths = (
			);
			runOnlyForDeploymentPostprocessing = 0;
			shellPath = /bin/sh;
			shellScript = "\"${SRCROOT}/Pods/Target Support Files/Pods-RealmDemoTests/Pods-RealmDemoTests-resources.sh\"\n";
			showEnvVarsInLog = 0;
		};
		E7C407506F8D0C9CF1503447 /* [CP] Copy Pods Resources */ = {
			isa = PBXShellScriptBuildPhase;
			buildActionMask = 2147483647;
			files = (
			);
			inputPaths = (
			);
			name = "[CP] Copy Pods Resources";
			outputPaths = (
			);
			runOnlyForDeploymentPostprocessing = 0;
			shellPath = /bin/sh;
			shellScript = "\"${SRCROOT}/Pods/Target Support Files/Pods-RealmDemo/Pods-RealmDemo-resources.sh\"\n";
			showEnvVarsInLog = 0;
		};
/* End PBXShellScriptBuildPhase section */

/* Begin PBXSourcesBuildPhase section */
		F132B4BB1F204E4D00C66452 /* Sources */ = {
			isa = PBXSourcesBuildPhase;
			buildActionMask = 2147483647;
			files = (
				F132B4F71F20513C00C66452 /* PersonModel.m in Sources */,
				F132B4CA1F204E4D00C66452 /* ViewController.m in Sources */,
				F132B4C71F204E4D00C66452 /* AppDelegate.m in Sources */,
				F132B4C41F204E4D00C66452 /* main.m in Sources */,
			);
			runOnlyForDeploymentPostprocessing = 0;
		};
		F132B4D41F204E4D00C66452 /* Sources */ = {
			isa = PBXSourcesBuildPhase;
			buildActionMask = 2147483647;
			files = (
				F132B4DD1F204E4D00C66452 /* RealmDemoTests.m in Sources */,
			);
			runOnlyForDeploymentPostprocessing = 0;
		};
		F132B4DF1F204E4D00C66452 /* Sources */ = {
			isa = PBXSourcesBuildPhase;
			buildActionMask = 2147483647;
			files = (
				F132B4E81F204E4D00C66452 /* RealmDemoUITests.m in Sources */,
			);
			runOnlyForDeploymentPostprocessing = 0;
		};
/* End PBXSourcesBuildPhase section */

/* Begin PBXTargetDependency section */
		F132B4DA1F204E4D00C66452 /* PBXTargetDependency */ = {
			isa = PBXTargetDependency;
			target = F132B4BE1F204E4D00C66452 /* RealmDemo */;
			targetProxy = F132B4D91F204E4D00C66452 /* PBXContainerItemProxy */;
		};
		F132B4E51F204E4D00C66452 /* PBXTargetDependency */ = {
			isa = PBXTargetDependency;
			target = F132B4BE1F204E4D00C66452 /* RealmDemo */;
			targetProxy = F132B4E41F204E4D00C66452 /* PBXContainerItemProxy */;
		};
/* End PBXTargetDependency section */

/* Begin PBXVariantGroup section */
		F132B4CB1F204E4D00C66452 /* Main.storyboard */ = {
			isa = PBXVariantGroup;
			children = (
				F132B4CC1F204E4D00C66452 /* Base */,
			);
			name = Main.storyboard;
			sourceTree = "<group>";
		};
		F132B4D01F204E4D00C66452 /* LaunchScreen.storyboard */ = {
			isa = PBXVariantGroup;
			children = (
				F132B4D11F204E4D00C66452 /* Base */,
			);
			name = LaunchScreen.storyboard;
			sourceTree = "<group>";
		};
/* End PBXVariantGroup section */

/* Begin XCBuildConfiguration section */
		F132B4EA1F204E4D00C66452 /* Debug */ = {
			isa = XCBuildConfiguration;
			buildSettings = {
				ALWAYS_SEARCH_USER_PATHS = NO;
				CLANG_ANALYZER_NONNULL = YES;
				CLANG_ANALYZER_NUMBER_OBJECT_CONVERSION = YES_AGGRESSIVE;
				CLANG_CXX_LANGUAGE_STANDARD = "gnu++0x";
				CLANG_CXX_LIBRARY = "libc++";
				CLANG_ENABLE_MODULES = YES;
				CLANG_ENABLE_OBJC_ARC = YES;
				CLANG_WARN_BOOL_CONVERSION = YES;
				CLANG_WARN_CONSTANT_CONVERSION = YES;
				CLANG_WARN_DIRECT_OBJC_ISA_USAGE = YES_ERROR;
				CLANG_WARN_DOCUMENTATION_COMMENTS = YES;
				CLANG_WARN_EMPTY_BODY = YES;
				CLANG_WARN_ENUM_CONVERSION = YES;
				CLANG_WARN_INFINITE_RECURSION = YES;
				CLANG_WARN_INT_CONVERSION = YES;
				CLANG_WARN_OBJC_ROOT_CLASS = YES_ERROR;
				CLANG_WARN_SUSPICIOUS_MOVE = YES;
				CLANG_WARN_UNREACHABLE_CODE = YES;
				CLANG_WARN__DUPLICATE_METHOD_MATCH = YES;
				"CODE_SIGN_IDENTITY[sdk=iphoneos*]" = "iPhone Developer";
				COPY_PHASE_STRIP = NO;
				DEBUG_INFORMATION_FORMAT = dwarf;
				ENABLE_STRICT_OBJC_MSGSEND = YES;
				ENABLE_TESTABILITY = YES;
				GCC_C_LANGUAGE_STANDARD = gnu99;
				GCC_DYNAMIC_NO_PIC = NO;
				GCC_NO_COMMON_BLOCKS = YES;
				GCC_OPTIMIZATION_LEVEL = 0;
				GCC_PREPROCESSOR_DEFINITIONS = (
					"DEBUG=1",
					"$(inherited)",
				);
				GCC_WARN_64_TO_32_BIT_CONVERSION = YES;
				GCC_WARN_ABOUT_RETURN_TYPE = YES_ERROR;
				GCC_WARN_UNDECLARED_SELECTOR = YES;
				GCC_WARN_UNINITIALIZED_AUTOS = YES_AGGRESSIVE;
				GCC_WARN_UNUSED_FUNCTION = YES;
				GCC_WARN_UNUSED_VARIABLE = YES;
				IPHONEOS_DEPLOYMENT_TARGET = 10.3;
				MTL_ENABLE_DEBUG_INFO = YES;
				ONLY_ACTIVE_ARCH = YES;
				SDKROOT = iphoneos;
			};
			name = Debug;
		};
		F132B4EB1F204E4D00C66452 /* Release */ = {
			isa = XCBuildConfiguration;
			buildSettings = {
				ALWAYS_SEARCH_USER_PATHS = NO;
				CLANG_ANALYZER_NONNULL = YES;
				CLANG_ANALYZER_NUMBER_OBJECT_CONVERSION = YES_AGGRESSIVE;
				CLANG_CXX_LANGUAGE_STANDARD = "gnu++0x";
				CLANG_CXX_LIBRARY = "libc++";
				CLANG_ENABLE_MODULES = YES;
				CLANG_ENABLE_OBJC_ARC = YES;
				CLANG_WARN_BOOL_CONVERSION = YES;
				CLANG_WARN_CONSTANT_CONVERSION = YES;
				CLANG_WARN_DIRECT_OBJC_ISA_USAGE = YES_ERROR;
				CLANG_WARN_DOCUMENTATION_COMMENTS = YES;
				CLANG_WARN_EMPTY_BODY = YES;
				CLANG_WARN_ENUM_CONVERSION = YES;
				CLANG_WARN_INFINITE_RECURSION = YES;
				CLANG_WARN_INT_CONVERSION = YES;
				CLANG_WARN_OBJC_ROOT_CLASS = YES_ERROR;
				CLANG_WARN_SUSPICIOUS_MOVE = YES;
				CLANG_WARN_UNREACHABLE_CODE = YES;
				CLANG_WARN__DUPLICATE_METHOD_MATCH = YES;
				"CODE_SIGN_IDENTITY[sdk=iphoneos*]" = "iPhone Developer";
				COPY_PHASE_STRIP = NO;
				DEBUG_INFORMATION_FORMAT = "dwarf-with-dsym";
				ENABLE_NS_ASSERTIONS = NO;
				ENABLE_STRICT_OBJC_MSGSEND = YES;
				GCC_C_LANGUAGE_STANDARD = gnu99;
				GCC_NO_COMMON_BLOCKS = YES;
				GCC_WARN_64_TO_32_BIT_CONVERSION = YES;
				GCC_WARN_ABOUT_RETURN_TYPE = YES_ERROR;
				GCC_WARN_UNDECLARED_SELECTOR = YES;
				GCC_WARN_UNINITIALIZED_AUTOS = YES_AGGRESSIVE;
				GCC_WARN_UNUSED_FUNCTION = YES;
				GCC_WARN_UNUSED_VARIABLE = YES;
				IPHONEOS_DEPLOYMENT_TARGET = 10.3;
				MTL_ENABLE_DEBUG_INFO = NO;
				SDKROOT = iphoneos;
				VALIDATE_PRODUCT = YES;
			};
			name = Release;
		};
		F132B4ED1F204E4D00C66452 /* Debug */ = {
			isa = XCBuildConfiguration;
			baseConfigurationReference = 0B0EC303B8316B59753053DC /* Pods-RealmDemo.debug.xcconfig */;
			buildSettings = {
				ASSETCATALOG_COMPILER_APPICON_NAME = AppIcon;
				DEVELOPMENT_TEAM = RN6253B2FZ;
				INFOPLIST_FILE = RealmDemo/Info.plist;
				LD_RUNPATH_SEARCH_PATHS = "$(inherited) @executable_path/Frameworks";
				PRODUCT_BUNDLE_IDENTIFIER = com.combanc.cn.RealmDemo;
				PRODUCT_NAME = "$(TARGET_NAME)";
			};
			name = Debug;
		};
		F132B4EE1F204E4D00C66452 /* Release */ = {
			isa = XCBuildConfiguration;
			baseConfigurationReference = 50C0C825A0D2B52AFBF0571D /* Pods-RealmDemo.release.xcconfig */;
			buildSettings = {
				ASSETCATALOG_COMPILER_APPICON_NAME = AppIcon;
				DEVELOPMENT_TEAM = RN6253B2FZ;
				INFOPLIST_FILE = RealmDemo/Info.plist;
				LD_RUNPATH_SEARCH_PATHS = "$(inherited) @executable_path/Frameworks";
				PRODUCT_BUNDLE_IDENTIFIER = com.combanc.cn.RealmDemo;
				PRODUCT_NAME = "$(TARGET_NAME)";
			};
			name = Release;
		};
		F132B4F01F204E4D00C66452 /* Debug */ = {
			isa = XCBuildConfiguration;
			baseConfigurationReference = 003442F29589126EED05C172 /* Pods-RealmDemoTests.debug.xcconfig */;
			buildSettings = {
				BUNDLE_LOADER = "$(TEST_HOST)";
				DEVELOPMENT_TEAM = RN6253B2FZ;
				INFOPLIST_FILE = RealmDemoTests/Info.plist;
				LD_RUNPATH_SEARCH_PATHS = "$(inherited) @executable_path/Frameworks @loader_path/Frameworks";
				PRODUCT_BUNDLE_IDENTIFIER = com.combanc.cn.RealmDemoTests;
				PRODUCT_NAME = "$(TARGET_NAME)";
				TEST_HOST = "$(BUILT_PRODUCTS_DIR)/RealmDemo.app/RealmDemo";
			};
			name = Debug;
		};
		F132B4F11F204E4D00C66452 /* Release */ = {
			isa = XCBuildConfiguration;
			baseConfigurationReference = 54B6A6AC770A6134D91171D8 /* Pods-RealmDemoTests.release.xcconfig */;
			buildSettings = {
				BUNDLE_LOADER = "$(TEST_HOST)";
				DEVELOPMENT_TEAM = RN6253B2FZ;
				INFOPLIST_FILE = RealmDemoTests/Info.plist;
				LD_RUNPATH_SEARCH_PATHS = "$(inherited) @executable_path/Frameworks @loader_path/Frameworks";
				PRODUCT_BUNDLE_IDENTIFIER = com.combanc.cn.RealmDemoTests;
				PRODUCT_NAME = "$(TARGET_NAME)";
				TEST_HOST = "$(BUILT_PRODUCTS_DIR)/RealmDemo.app/RealmDemo";
			};
			name = Release;
		};
		F132B4F31F204E4D00C66452 /* Debug */ = {
			isa = XCBuildConfiguration;
			baseConfigurationReference = C7D2326F8CE647132EA7CD1E /* Pods-RealmDemoUITests.debug.xcconfig */;
			buildSettings = {
				DEVELOPMENT_TEAM = RN6253B2FZ;
				INFOPLIST_FILE = RealmDemoUITests/Info.plist;
				LD_RUNPATH_SEARCH_PATHS = "$(inherited) @executable_path/Frameworks @loader_path/Frameworks";
				PRODUCT_BUNDLE_IDENTIFIER = com.combanc.cn.RealmDemoUITests;
				PRODUCT_NAME = "$(TARGET_NAME)";
				TEST_TARGET_NAME = RealmDemo;
			};
			name = Debug;
		};
		F132B4F41F204E4D00C66452 /* Release */ = {
			isa = XCBuildConfiguration;
			baseConfigurationReference = 57CAFD2B14B98435B7D4D0E7 /* Pods-RealmDemoUITests.release.xcconfig */;
			buildSettings = {
				DEVELOPMENT_TEAM = RN6253B2FZ;
				INFOPLIST_FILE = RealmDemoUITests/Info.plist;
				LD_RUNPATH_SEARCH_PATHS = "$(inherited) @executable_path/Frameworks @loader_path/Frameworks";
				PRODUCT_BUNDLE_IDENTIFIER = com.combanc.cn.RealmDemoUITests;
				PRODUCT_NAME = "$(TARGET_NAME)";
				TEST_TARGET_NAME = RealmDemo;
			};
			name = Release;
		};
/* End XCBuildConfiguration section */

/* Begin XCConfigurationList section */
		F132B4BA1F204E4D00C66452 /* Build configuration list for PBXProject "RealmDemo" */ = {
			isa = XCConfigurationList;
			buildConfigurations = (
				F132B4EA1F204E4D00C66452 /* Debug */,
				F132B4EB1F204E4D00C66452 /* Release */,
			);
			defaultConfigurationIsVisible = 0;
			defaultConfigurationName = Release;
		};
		F132B4EC1F204E4D00C66452 /* Build configuration list for PBXNativeTarget "RealmDemo" */ = {
			isa = XCConfigurationList;
			buildConfigurations = (
				F132B4ED1F204E4D00C66452 /* Debug */,
				F132B4EE1F204E4D00C66452 /* Release */,
			);
			defaultConfigurationIsVisible = 0;
			defaultConfigurationName = Release;
		};
		F132B4EF1F204E4D00C66452 /* Build configuration list for PBXNativeTarget "RealmDemoTests" */ = {
			isa = XCConfigurationList;
			buildConfigurations = (
				F132B4F01F204E4D00C66452 /* Debug */,
				F132B4F11F204E4D00C66452 /* Release */,
			);
			defaultConfigurationIsVisible = 0;
			defaultConfigurationName = Release;
		};
		F132B4F21F204E4D00C66452 /* Build configuration list for PBXNativeTarget "RealmDemoUITests" */ = {
			isa = XCConfigurationList;
			buildConfigurations = (
				F132B4F31F204E4D00C66452 /* Debug */,
				F132B4F41F204E4D00C66452 /* Release */,
			);
			defaultConfigurationIsVisible = 0;
			defaultConfigurationName = Release;
		};
/* End XCConfigurationList section */
	};
	rootObject = F132B4B71F204E4D00C66452 /* Project object */;
}
